{
  "requires": true,
  "lockfileVersion": 1,
  "dependencies": {
    "@yellowspot/ng-truncate": {
      "version": "1.4.0",
      "resolved": "https://registry.npmjs.org/@yellowspot/ng-truncate/-/ng-truncate-1.4.0.tgz",
      "integrity": "sha512-EgSP11lbkoegNgzkYvVVS4OSosgYiluuHFmWRE/Wb+HBdfdnaHI+3gQzpdriE/fhZmbfC+C9xtTyR15OL+AgMg=="
    }
  }
}
